
Microsoft Visual Studio Solution File, Format Version 12.00
# Visual Studio Version 17
VisualStudioVersion = 17.13.35818.85
MinimumVisualStudioVersion = 10.0.40219.1
Project("{FAE04EC0-301F-11D3-BF4B-00C04F79EFBC}") = "OrganizationMembership", "OrganizationMembership.csproj", "{F190380B-96B1-49B5-95EA-E54CD79BE0D0}"
EndProject
Project("{FAE04EC0-301F-11D3-BF4B-00C04F79EFBC}") = "Membership_BusinessDataLogic", "Membership_BusinessDataLogic\Membership_BusinessDataLogic.csproj", "{65172C1B-6D7D-470A-B269-5F62C2F39826}"
EndProject
Project("{FAE04EC0-301F-11D3-BF4B-00C04F79EFBC}") = "MembershipCommon", "MembershipCommon\MembershipCommon.csproj", "{6A894348-E6F2-492C-9C23-5A27BA3732B4}"
EndProject
Project("{FAE04EC0-301F-11D3-BF4B-00C04F79EFBC}") = "MembershipDataServices", "MembershipDataServices\MembershipDataServices.csproj", "{34838290-4FE6-4E8B-AACD-FE9916F00BA8}"
EndProject
Project("{FAE04EC0-301F-11D3-BF4B-00C04F79EFBC}") = "OrganizationMembershipGUI", "..\OrganizationMembershipGUI\OrganizationMembershipGUI.csproj", "{58A36001-5640-4791-8D30-28E6E7ADD1D7}"
EndProject
Global
	GlobalSection(SolutionConfigurationPlatforms) = preSolution
		Debug|Any CPU = Debug|Any CPU
		Release|Any CPU = Release|Any CPU
	EndGlobalSection
	GlobalSection(ProjectConfigurationPlatforms) = postSolution
		{F190380B-96B1-49B5-95EA-E54CD79BE0D0}.Debug|Any CPU.ActiveCfg = Debug|Any CPU
		{F190380B-96B1-49B5-95EA-E54CD79BE0D0}.Debug|Any CPU.Build.0 = Debug|Any CPU
		{F190380B-96B1-49B5-95EA-E54CD79BE0D0}.Release|Any CPU.ActiveCfg = Release|Any CPU
		{F190380B-96B1-49B5-95EA-E54CD79BE0D0}.Release|Any CPU.Build.0 = Release|Any CPU
		{65172C1B-6D7D-470A-B269-5F62C2F39826}.Debug|Any CPU.ActiveCfg = Debug|Any CPU
		{65172C1B-6D7D-470A-B269-5F62C2F39826}.Debug|Any CPU.Build.0 = Debug|Any CPU
		{65172C1B-6D7D-470A-B269-5F62C2F39826}.Release|Any CPU.ActiveCfg = Release|Any CPU
		{65172C1B-6D7D-470A-B269-5F62C2F39826}.Release|Any CPU.Build.0 = Release|Any CPU
		{6A894348-E6F2-492C-9C23-5A27BA3732B4}.Debug|Any CPU.ActiveCfg = Debug|Any CPU
		{6A894348-E6F2-492C-9C23-5A27BA3732B4}.Debug|Any CPU.Build.0 = Debug|Any CPU
		{6A894348-E6F2-492C-9C23-5A27BA3732B4}.Release|Any CPU.ActiveCfg = Release|Any CPU
		{6A894348-E6F2-492C-9C23-5A27BA3732B4}.Release|Any CPU.Build.0 = Release|Any CPU
		{34838290-4FE6-4E8B-AACD-FE9916F00BA8}.Debug|Any CPU.ActiveCfg = Debug|Any CPU
		{34838290-4FE6-4E8B-AACD-FE9916F00BA8}.Debug|Any CPU.Build.0 = Debug|Any CPU
		{34838290-4FE6-4E8B-AACD-FE9916F00BA8}.Release|Any CPU.ActiveCfg = Release|Any CPU
		{34838290-4FE6-4E8B-AACD-FE9916F00BA8}.Release|Any CPU.Build.0 = Release|Any CPU
		{58A36001-5640-4791-8D30-28E6E7ADD1D7}.Debug|Any CPU.ActiveCfg = Debug|Any CPU
		{58A36001-5640-4791-8D30-28E6E7ADD1D7}.Debug|Any CPU.Build.0 = Debug|Any CPU
		{58A36001-5640-4791-8D30-28E6E7ADD1D7}.Release|Any CPU.ActiveCfg = Release|Any CPU
		{58A36001-5640-4791-8D30-28E6E7ADD1D7}.Release|Any CPU.Build.0 = Release|Any CPU
	EndGlobalSection
	GlobalSection(SolutionProperties) = preSolution
		HideSolutionNode = FALSE
	EndGlobalSection
	GlobalSection(ExtensibilityGlobals) = postSolution
		SolutionGuid = {95C535FE-DF49-4B0C-8142-94E3A3245AEF}
	EndGlobalSection
EndGlobal
